<?xml version="1.0" encoding="utf-8"?>
<Project ToolsVersion="4.0" xmlns="http://schemas.microsoft.com/developer/msbuild/2003">
  <ItemGroup>
    <Filter Include="Fichiers sources">
      <UniqueIdentifier>{4FC737F1-C7A5-4376-A066-2A32D752A2FF}</UniqueIdentifier>
      <Extensions>cpp;c;cc;cxx;def;odl;idl;hpj;bat;asm;asmx</Extensions>
    </Filter>
    <Filter Include="Fichiers d%27en-tête">
      <UniqueIdentifier>{93995380-89BD-4b04-88EB-625FBE52EBFB}</UniqueIdentifier>
      <Extensions>h;hh;hpp;hxx;hm;inl;inc;ipp;xsd</Extensions>
    </Filter>
    <Filter Include="Fichiers de ressources">
      <UniqueIdentifier>{67DA6AB6-F800-4c08-8B7A-83BB121AAD01}</UniqueIdentifier>
      <Extensions>rc;ico;cur;bmp;dlg;rc2;rct;bin;rgs;gif;jpg;jpeg;jpe;resx;tiff;tif;png;wav;mfcribbon-ms</Extensions>
    </Filter>
  </ItemGroup>
  <ItemGroup>
    <ClCompile Include="main.c">
      <Filter>Fichiers sources</Filter>
    </ClCompile>
    <ClCompile Include="analyse_events.c">
      <Filter>Fichiers sources</Filter>
    </ClCompile>
    <ClCompile Include="animated_sprite.c">
      <Filter>Fichiers sources</Filter>
    </ClCompile>
    <ClCompile Include="assets.c">
      <Filter>Fichiers sources</Filter>
    </ClCompile>
    <ClCompile Include="button_event.c">
      <Filter>Fichiers sources</Filter>
    </ClCompile>
    <ClCompile Include="button_mem.c">
      <Filter>Fichiers sources</Filter>
    </ClCompile>
    <ClCompile Include="create_button.c">
      <Filter>Fichiers sources</Filter>
    </ClCompile>
    <ClCompile Include="dragndrop_accessor.c">
      <Filter>Fichiers sources</Filter>
    </ClCompile>
    <ClCompile Include="dragndrop_event.c">
      <Filter>Fichiers sources</Filter>
    </ClCompile>
    <ClCompile Include="dragndrop_mem.c">
      <Filter>Fichiers sources</Filter>
    </ClCompile>
    <ClCompile Include="fetch_anim.c">
      <Filter>Fichiers sources</Filter>
    </ClCompile>
    <ClCompile Include="fetch_image.c">
      <Filter>Fichiers sources</Filter>
    </ClCompile>
    <ClCompile Include="find_button.c">
      <Filter>Fichiers sources</Filter>
    </ClCompile>
    <ClCompile Include="functions.c">
      <Filter>Fichiers sources</Filter>
    </ClCompile>
    <ClCompile Include="game.c">
      <Filter>Fichiers sources</Filter>
    </ClCompile>
    <ClCompile Include="game_init.c">
      <Filter>Fichiers sources</Filter>
    </ClCompile>
    <ClCompile Include="game_loop.c">
      <Filter>Fichiers sources</Filter>
    </ClCompile>
    <ClCompile Include="get_delta.c">
      <Filter>Fichiers sources</Filter>
    </ClCompile>
    <ClCompile Include="global_info.c">
      <Filter>Fichiers sources</Filter>
    </ClCompile>
    <ClCompile Include="graph.c">
      <Filter>Fichiers sources</Filter>
    </ClCompile>
    <ClCompile Include="graph_draw_engine.c">
      <Filter>Fichiers sources</Filter>
    </ClCompile>
    <ClCompile Include="graph_draw_tools.c">
      <Filter>Fichiers sources</Filter>
    </ClCompile>
    <ClCompile Include="graph_event.c">
      <Filter>Fichiers sources</Filter>
    </ClCompile>
    <ClCompile Include="graph_operation.c">
      <Filter>Fichiers sources</Filter>
    </ClCompile>
    <ClCompile Include="link_pop.c">
      <Filter>Fichiers sources</Filter>
    </ClCompile>
    <ClCompile Include="link_push.c">
      <Filter>Fichiers sources</Filter>
    </ClCompile>
    <ClCompile Include="manage_anim.c">
      <Filter>Fichiers sources</Filter>
    </ClCompile>
    <ClCompile Include="manage_button.c">
      <Filter>Fichiers sources</Filter>
    </ClCompile>
    <ClCompile Include="manage_credits.c">
      <Filter>Fichiers sources</Filter>
    </ClCompile>
    <ClCompile Include="manage_game.c">
      <Filter>Fichiers sources</Filter>
    </ClCompile>
    <ClCompile Include="manage_htp.c">
      <Filter>Fichiers sources</Filter>
    </ClCompile>
    <ClCompile Include="manage_image.c">
      <Filter>Fichiers sources</Filter>
    </ClCompile>
    <ClCompile Include="manage_input.c">
      <Filter>Fichiers sources</Filter>
    </ClCompile>
    <ClCompile Include="manage_intersections.c">
      <Filter>Fichiers sources</Filter>
    </ClCompile>
    <ClCompile Include="manage_music.c">
      <Filter>Fichiers sources</Filter>
    </ClCompile>
    <ClCompile Include="manage_pause.c">
      <Filter>Fichiers sources</Filter>
    </ClCompile>
    <ClCompile Include="manage_sound.c">
      <Filter>Fichiers sources</Filter>
    </ClCompile>
    <ClCompile Include="manage_text.c">
      <Filter>Fichiers sources</Filter>
    </ClCompile>
    <ClCompile Include="manage_win.c">
      <Filter>Fichiers sources</Filter>
    </ClCompile>
    <ClCompile Include="manage_window.c">
      <Filter>Fichiers sources</Filter>
    </ClCompile>
    <ClCompile Include="my_atoi.c">
      <Filter>Fichiers sources</Filter>
    </ClCompile>
    <ClCompile Include="my_char_is.c">
      <Filter>Fichiers sources</Filter>
    </ClCompile>
    <ClCompile Include="my_count_line.c">
      <Filter>Fichiers sources</Filter>
    </ClCompile>
    <ClCompile Include="my_itoa.c">
      <Filter>Fichiers sources</Filter>
    </ClCompile>
    <ClCompile Include="my_line_lenght.c">
      <Filter>Fichiers sources</Filter>
    </ClCompile>
    <ClCompile Include="my_revstr.c">
      <Filter>Fichiers sources</Filter>
    </ClCompile>
    <ClCompile Include="my_str_isneg.c">
      <Filter>Fichiers sources</Filter>
    </ClCompile>
    <ClCompile Include="my_str_isnum.c">
      <Filter>Fichiers sources</Filter>
    </ClCompile>
    <ClCompile Include="my_strcat.c">
      <Filter>Fichiers sources</Filter>
    </ClCompile>
    <ClCompile Include="my_strcmp.c">
      <Filter>Fichiers sources</Filter>
    </ClCompile>
    <ClCompile Include="my_strcpy.c">
      <Filter>Fichiers sources</Filter>
    </ClCompile>
    <ClCompile Include="my_strdup.c">
      <Filter>Fichiers sources</Filter>
    </ClCompile>
    <ClCompile Include="my_strlen.c">
      <Filter>Fichiers sources</Filter>
    </ClCompile>
    <ClCompile Include="my_strreplace.c">
      <Filter>Fichiers sources</Filter>
    </ClCompile>
    <ClCompile Include="my_strstr.c">
      <Filter>Fichiers sources</Filter>
    </ClCompile>
    <ClCompile Include="my_strtok.c">
      <Filter>Fichiers sources</Filter>
    </ClCompile>
    <ClCompile Include="node.c">
      <Filter>Fichiers sources</Filter>
    </ClCompile>
    <ClCompile Include="node_event.c">
      <Filter>Fichiers sources</Filter>
    </ClCompile>
    <ClCompile Include="node_operation.c">
      <Filter>Fichiers sources</Filter>
    </ClCompile>
    <ClCompile Include="prompt_event.c">
      <Filter>Fichiers sources</Filter>
    </ClCompile>
    <ClCompile Include="prompt_mem.c">
      <Filter>Fichiers sources</Filter>
    </ClCompile>
    <ClCompile Include="scene_system.c">
      <Filter>Fichiers sources</Filter>
    </ClCompile>
    <ClCompile Include="string_manipulation.c">
      <Filter>Fichiers sources</Filter>
    </ClCompile>
    <ClCompile Include="vector_pop.c">
      <Filter>Fichiers sources</Filter>
    </ClCompile>
    <ClCompile Include="vector_push.c">
      <Filter>Fichiers sources</Filter>
    </ClCompile>
    <ClCompile Include="manage_menue.c">
      <Filter>Fichiers sources</Filter>
    </ClCompile>
  </ItemGroup>
</Project>